
Microsoft Visual Studio Solution File, Format Version 12.00
# Visual Studio Version 17
VisualStudioVersion = 17.9.34728.123
MinimumVisualStudioVersion = 10.0.40219.1
Project("{FAE04EC0-301F-11D3-BF4B-00C04F79EFBC}") = "Evento", "Evento.csproj", "{47E11E6D-F102-4AA4-8EEC-0C68E4FBDC2A}"
EndProject
Global
	GlobalSection(SolutionConfigurationPlatforms) = preSolution
		Debug|Any CPU = Debug|Any CPU
		Release|Any CPU = Release|Any CPU
	EndGlobalSection
	GlobalSection(ProjectConfigurationPlatforms) = postSolution
		{47E11E6D-F102-4AA4-8EEC-0C68E4FBDC2A}.Debug|Any CPU.ActiveCfg = Debug|Any CPU
		{47E11E6D-F102-4AA4-8EEC-0C68E4FBDC2A}.Debug|Any CPU.Build.0 = Debug|Any CPU
		{47E11E6D-F102-4AA4-8EEC-0C68E4FBDC2A}.Release|Any CPU.ActiveCfg = Release|Any CPU
		{47E11E6D-F102-4AA4-8EEC-0C68E4FBDC2A}.Release|Any CPU.Build.0 = Release|Any CPU
	EndGlobalSection
	GlobalSection(SolutionProperties) = preSolution
		HideSolutionNode = FALSE
	EndGlobalSection
	GlobalSection(ExtensibilityGlobals) = postSolution
		SolutionGuid = {E75AA44B-CA61-4D0C-A1F3-30ABD5F421FA}
	EndGlobalSection
EndGlobal
